
Microsoft Visual Studio Solution File, Format Version 12.00
# Visual Studio Version 17
VisualStudioVersion = 17.5.33516.290
MinimumVisualStudioVersion = 10.0.40219.1
Project("{FAE04EC0-301F-11D3-BF4B-00C04F79EFBC}") = "SDA_46612r_MyProject", "SDA_46612r_MyProject\SDA_46612r_MyProject.csproj", "{43D44F9D-CC6F-49E1-90FB-AB29470E4515}"
EndProject
Global
	GlobalSection(SolutionConfigurationPlatforms) = preSolution
		Debug|Any CPU = Debug|Any CPU
		Release|Any CPU = Release|Any CPU
	EndGlobalSection
	GlobalSection(ProjectConfigurationPlatforms) = postSolution
		{43D44F9D-CC6F-49E1-90FB-AB29470E4515}.Debug|Any CPU.ActiveCfg = Debug|Any CPU
		{43D44F9D-CC6F-49E1-90FB-AB29470E4515}.Debug|Any CPU.Build.0 = Debug|Any CPU
		{43D44F9D-CC6F-49E1-90FB-AB29470E4515}.Release|Any CPU.ActiveCfg = Release|Any CPU
		{43D44F9D-CC6F-49E1-90FB-AB29470E4515}.Release|Any CPU.Build.0 = Release|Any CPU
	EndGlobalSection
	GlobalSection(SolutionProperties) = preSolution
		HideSolutionNode = FALSE
	EndGlobalSection
	GlobalSection(ExtensibilityGlobals) = postSolution
		SolutionGuid = {186C2C29-6EAB-40E5-BDFE-4EA6EB186F27}
	EndGlobalSection
EndGlobal
